
Microsoft Visual Studio Solution File, Format Version 12.00
# Visual Studio Version 17
VisualStudioVersion = 17.9.34622.214
MinimumVisualStudioVersion = 10.0.40219.1
Project("{FAE04EC0-301F-11D3-BF4B-00C04F79EFBC}") = "ConsoleApp1Class", "ConsoleApp1Class\ConsoleApp1Class.csproj", "{45355741-4607-4462-B897-6B92791129D8}"
EndProject
Global
	GlobalSection(SolutionConfigurationPlatforms) = preSolution
		Debug|Any CPU = Debug|Any CPU
		Release|Any CPU = Release|Any CPU
	EndGlobalSection
	GlobalSection(ProjectConfigurationPlatforms) = postSolution
		{45355741-4607-4462-B897-6B92791129D8}.Debug|Any CPU.ActiveCfg = Debug|Any CPU
		{45355741-4607-4462-B897-6B92791129D8}.Debug|Any CPU.Build.0 = Debug|Any CPU
		{45355741-4607-4462-B897-6B92791129D8}.Release|Any CPU.ActiveCfg = Release|Any CPU
		{45355741-4607-4462-B897-6B92791129D8}.Release|Any CPU.Build.0 = Release|Any CPU
	EndGlobalSection
	GlobalSection(SolutionProperties) = preSolution
		HideSolutionNode = FALSE
	EndGlobalSection
	GlobalSection(ExtensibilityGlobals) = postSolution
		SolutionGuid = {0D08AAB8-4857-4A9D-B921-7297EB09E9D2}
	EndGlobalSection
EndGlobal
