
Microsoft Visual Studio Solution File, Format Version 12.00
# Visual Studio Version 17
VisualStudioVersion = 17.9.34622.214
MinimumVisualStudioVersion = 10.0.40219.1
Project("{FAE04EC0-301F-11D3-BF4B-00C04F79EFBC}") = "CarTask", "CarTask\CarTask.csproj", "{C5EE217C-18C2-473F-85F3-0EBF74BAE0BF}"
EndProject
Project("{FAE04EC0-301F-11D3-BF4B-00C04F79EFBC}") = "CarLibrary", "CarLibrary\CarLibrary.csproj", "{43C8A99B-3F77-4E5C-AD18-86ADD0D0A127}"
EndProject
Global
	GlobalSection(SolutionConfigurationPlatforms) = preSolution
		Debug|Any CPU = Debug|Any CPU
		Release|Any CPU = Release|Any CPU
	EndGlobalSection
	GlobalSection(ProjectConfigurationPlatforms) = postSolution
		{C5EE217C-18C2-473F-85F3-0EBF74BAE0BF}.Debug|Any CPU.ActiveCfg = Debug|Any CPU
		{C5EE217C-18C2-473F-85F3-0EBF74BAE0BF}.Debug|Any CPU.Build.0 = Debug|Any CPU
		{C5EE217C-18C2-473F-85F3-0EBF74BAE0BF}.Release|Any CPU.ActiveCfg = Release|Any CPU
		{C5EE217C-18C2-473F-85F3-0EBF74BAE0BF}.Release|Any CPU.Build.0 = Release|Any CPU
		{43C8A99B-3F77-4E5C-AD18-86ADD0D0A127}.Debug|Any CPU.ActiveCfg = Debug|Any CPU
		{43C8A99B-3F77-4E5C-AD18-86ADD0D0A127}.Debug|Any CPU.Build.0 = Debug|Any CPU
		{43C8A99B-3F77-4E5C-AD18-86ADD0D0A127}.Release|Any CPU.ActiveCfg = Release|Any CPU
		{43C8A99B-3F77-4E5C-AD18-86ADD0D0A127}.Release|Any CPU.Build.0 = Release|Any CPU
	EndGlobalSection
	GlobalSection(SolutionProperties) = preSolution
		HideSolutionNode = FALSE
	EndGlobalSection
	GlobalSection(ExtensibilityGlobals) = postSolution
		SolutionGuid = {A2E86C75-2110-4BF0-B1C8-12C161634EFF}
	EndGlobalSection
EndGlobal
