
Microsoft Visual Studio Solution File, Format Version 12.00
# Visual Studio Version 17
VisualStudioVersion = 17.9.34622.214
MinimumVisualStudioVersion = 10.0.40219.1
Project("{FAE04EC0-301F-11D3-BF4B-00C04F79EFBC}") = "MinApp", "MinApp\MinApp.csproj", "{FAF87CBB-FD8E-4E8D-BA4E-3FD25981E06B}"
EndProject
Project("{FAE04EC0-301F-11D3-BF4B-00C04F79EFBC}") = "Core1", "Core1\Core1.csproj", "{80C4F9D6-E670-49B0-BF91-CCDD8B1C7783}"
EndProject
Global
	GlobalSection(SolutionConfigurationPlatforms) = preSolution
		Debug|Any CPU = Debug|Any CPU
		Release|Any CPU = Release|Any CPU
	EndGlobalSection
	GlobalSection(ProjectConfigurationPlatforms) = postSolution
		{FAF87CBB-FD8E-4E8D-BA4E-3FD25981E06B}.Debug|Any CPU.ActiveCfg = Debug|Any CPU
		{FAF87CBB-FD8E-4E8D-BA4E-3FD25981E06B}.Debug|Any CPU.Build.0 = Debug|Any CPU
		{FAF87CBB-FD8E-4E8D-BA4E-3FD25981E06B}.Release|Any CPU.ActiveCfg = Release|Any CPU
		{FAF87CBB-FD8E-4E8D-BA4E-3FD25981E06B}.Release|Any CPU.Build.0 = Release|Any CPU
		{80C4F9D6-E670-49B0-BF91-CCDD8B1C7783}.Debug|Any CPU.ActiveCfg = Debug|Any CPU
		{80C4F9D6-E670-49B0-BF91-CCDD8B1C7783}.Debug|Any CPU.Build.0 = Debug|Any CPU
		{80C4F9D6-E670-49B0-BF91-CCDD8B1C7783}.Release|Any CPU.ActiveCfg = Release|Any CPU
		{80C4F9D6-E670-49B0-BF91-CCDD8B1C7783}.Release|Any CPU.Build.0 = Release|Any CPU
	EndGlobalSection
	GlobalSection(SolutionProperties) = preSolution
		HideSolutionNode = FALSE
	EndGlobalSection
	GlobalSection(ExtensibilityGlobals) = postSolution
		SolutionGuid = {F2664195-E661-475D-90C2-2A4C7F8B4DAF}
	EndGlobalSection
EndGlobal
